
Microsoft Visual Studio Solution File, Format Version 12.00
# Visual Studio Version 17
VisualStudioVersion = 17.8.34330.188
MinimumVisualStudioVersion = 10.0.40219.1
Project("{FAE04EC0-301F-11D3-BF4B-00C04F79EFBC}") = "blackjack", "blackjack\blackjack.csproj", "{CAEB2683-23BF-4FD6-86CE-210677EB08B7}"
EndProject
Global
	GlobalSection(SolutionConfigurationPlatforms) = preSolution
		Debug|Any CPU = Debug|Any CPU
		Release|Any CPU = Release|Any CPU
	EndGlobalSection
	GlobalSection(ProjectConfigurationPlatforms) = postSolution
		{CAEB2683-23BF-4FD6-86CE-210677EB08B7}.Debug|Any CPU.ActiveCfg = Debug|Any CPU
		{CAEB2683-23BF-4FD6-86CE-210677EB08B7}.Debug|Any CPU.Build.0 = Debug|Any CPU
		{CAEB2683-23BF-4FD6-86CE-210677EB08B7}.Release|Any CPU.ActiveCfg = Release|Any CPU
		{CAEB2683-23BF-4FD6-86CE-210677EB08B7}.Release|Any CPU.Build.0 = Release|Any CPU
	EndGlobalSection
	GlobalSection(SolutionProperties) = preSolution
		HideSolutionNode = FALSE
	EndGlobalSection
	GlobalSection(ExtensibilityGlobals) = postSolution
		SolutionGuid = {0C888425-1C87-45E9-9C32-911BE0D744B7}
	EndGlobalSection
EndGlobal
